{
  "lockfileVersion": 1,
  "configVersion": 1,
  "workspaces": {
    "": {
      "name": "typewriter-build-tools",
      "dependencies": {
        "skir": "1.2.20",
        "skir-dart-gen": "github:gabber235/skir-dart-gen#78c2d2d",
        "skir-kotlin-gen": "1.0.11",
        "skir-rust-gen": "0.1.5",
      },
      "devDependencies": {
        "@commitlint/cli": "^20.4.3",
        "conventional-changelog-conventionalcommits": "^9.1.0",
        "lefthook": "2.1.10",
      },
    },
  },
  "trustedDependencies": [
    "lefthook",
  ],
  "packages": {
    "@babel/code-frame": ["@babel/code-frame@7.29.7", "", { "dependencies": { "@babel/helper-validator-identifier": "^7.29.7", "js-tokens": "^4.0.0", "picocolors": "^1.1.1" } }, "sha512-Aup7aUOfpbAUg2ROOJN6Iw5f9DMBlzu0mIkm/malLQFN/YQgO48wCj0Kxa3sEHJvPVFg7siR+qRInwXd2qhQKw=="],

    "@babel/helper-validator-identifier": ["@babel/helper-validator-identifier@7.29.7", "", {}, "sha512-qehxGkRj55h/ff8EMaJ+cYhyaKlHIxqYDn682wQD7RNp9UujOQsHog2uS0r2vzr4pW+sXf90NeeayjcNaX3fFg=="],

    "@commitlint/cli": ["@commitlint/cli@20.5.3", "", { "dependencies": { "@commitlint/format": "^20.5.0", "@commitlint/lint": "^20.5.3", "@commitlint/load": "^20.5.3", "@commitlint/read": "^20.5.0", "@commitlint/types": "^20.5.0", "tinyexec": "^1.0.0", "yargs": "^17.0.0" }, "bin": { "commitlint": "./cli.js" } }, "sha512-OJdL0EXWD5y9LPa0nr/geOwzaS8BsdaybKkcloB0JgsguGxNv2R+hC2FTPqrAcprg35zF33KOQerY0x8W1aesA=="],

    "@commitlint/config-validator": ["@commitlint/config-validator@20.5.0", "", { "dependencies": { "@commitlint/types": "^20.5.0", "ajv": "^8.11.0" } }, "sha512-T/Uh6iJUzyx7j35GmHWdIiGRQB+ouZDk0pwAaYq4SXgB54KZhFdJ0vYmxiW6AMYICTIWuyMxDBl1jK74oFp/Gw=="],

    "@commitlint/ensure": ["@commitlint/ensure@20.5.3", "", { "dependencies": { "@commitlint/types": "^20.5.0", "es-toolkit": "^1.46.0" } }, "sha512-4i4AgNvH62owG9MwSiWKrle7HGNpBHHdLnWFIp5fTsHUYe5kRuh15t08L/0pdbbrRk8JKXQxxN4hZQcn+szkrw=="],

    "@commitlint/execute-rule": ["@commitlint/execute-rule@20.0.0", "", {}, "sha512-xyCoOShoPuPL44gVa+5EdZsBVao/pNzpQhkzq3RdtlFdKZtjWcLlUFQHSWBuhk5utKYykeJPSz2i8ABHQA+ZZw=="],

    "@commitlint/format": ["@commitlint/format@20.5.0", "", { "dependencies": { "@commitlint/types": "^20.5.0", "picocolors": "^1.1.1" } }, "sha512-TI9EwFU/qZWSK7a5qyXMpKPPv3qta7FO4tKW+Wt2al7sgMbLWTsAcDpX1cU8k16TRdsiiet9aOw0zpvRXNJu7Q=="],

    "@commitlint/is-ignored": ["@commitlint/is-ignored@20.5.0", "", { "dependencies": { "@commitlint/types": "^20.5.0", "semver": "^7.6.0" } }, "sha512-JWLarAsurHJhPozbuAH6GbP4p/hdOCoqS9zJMfqwswne+/GPs5V0+rrsfOkP68Y8PSLphwtFXV0EzJ+GTXTTGg=="],

    "@commitlint/lint": ["@commitlint/lint@20.5.3", "", { "dependencies": { "@commitlint/is-ignored": "^20.5.0", "@commitlint/parse": "^20.5.0", "@commitlint/rules": "^20.5.3", "@commitlint/types": "^20.5.0" } }, "sha512-M7JbWBNr2gXKaPc4i/KipsuW1gkDHpj35KPjWtKy3Z+2AQw5wu1gBi1LIO0uoaij67CqY4K8PxPZSGens4evCw=="],

    "@commitlint/load": ["@commitlint/load@20.5.3", "", { "dependencies": { "@commitlint/config-validator": "^20.5.0", "@commitlint/execute-rule": "^20.0.0", "@commitlint/resolve-extends": "^20.5.3", "@commitlint/types": "^20.5.0", "cosmiconfig": "^9.0.1", "cosmiconfig-typescript-loader": "^6.1.0", "es-toolkit": "^1.46.0", "is-plain-obj": "^4.1.0", "picocolors": "^1.1.1" } }, "sha512-1FDZWuKyu98Myb8i7Tp31jPU2rZpOwAdYRyJcy2KoGg7Xk2A+bgHN8smhMaaNSNkmE8fwt53BokywZq8Gv/5XQ=="],

    "@commitlint/message": ["@commitlint/message@20.4.3", "", {}, "sha512-6akwCYrzcrFcTYz9GyUaWlhisY4lmQ3KvrnabmhoeAV8nRH4dXJAh4+EUQ3uArtxxKQkvxJS78hNX2EU3USgxQ=="],

    "@commitlint/parse": ["@commitlint/parse@20.5.0", "", { "dependencies": { "@commitlint/types": "^20.5.0", "conventional-changelog-angular": "^8.2.0", "conventional-commits-parser": "^6.3.0" } }, "sha512-SeKWHBMk7YOTnnEWUhx+d1a9vHsjjuo6Uo1xRfPNfeY4bdYFasCH1dDpAv13Lyn+dDPOels+jP6D2GRZqzc5fA=="],

    "@commitlint/read": ["@commitlint/read@20.5.0", "", { "dependencies": { "@commitlint/top-level": "^20.4.3", "@commitlint/types": "^20.5.0", "git-raw-commits": "^5.0.0", "minimist": "^1.2.8", "tinyexec": "^1.0.0" } }, "sha512-JDEIJ2+GnWpK8QqwfmW7O42h0aycJEWNqcdkJnyzLD11nf9dW2dWLTVEa8Wtlo4IZFGLPATjR5neA5QlOvIH1w=="],

    "@commitlint/resolve-extends": ["@commitlint/resolve-extends@20.5.3", "", { "dependencies": { "@commitlint/config-validator": "^20.5.0", "@commitlint/types": "^20.5.0", "es-toolkit": "^1.46.0", "global-directory": "^5.0.0", "import-meta-resolve": "^4.0.0", "resolve-from": "^5.0.0" } }, "sha512-+ogW9v/u9JqpvAgTrLra/YTFo0KkjU6iNblF89pPsj4NebNc+DAWctsludwezI8YnsjBmfHpApSwcXprN/f/ew=="],

    "@commitlint/rules": ["@commitlint/rules@20.5.3", "", { "dependencies": { "@commitlint/ensure": "^20.5.3", "@commitlint/message": "^20.4.3", "@commitlint/to-lines": "^20.0.0", "@commitlint/types": "^20.5.0" } }, "sha512-MPlMnb9D3wbszYMp+1hPtuhtPJndRo6I6yfkZVA4+jR8w7Kqp0u2u/Y+gzbaItx5Lltq5rw7FSZQWJMoXUC4NQ=="],

    "@commitlint/to-lines": ["@commitlint/to-lines@20.0.0", "", {}, "sha512-2l9gmwiCRqZNWgV+pX1X7z4yP0b3ex/86UmUFgoRt672Ez6cAM2lOQeHFRUTuE6sPpi8XBCGnd8Kh3bMoyHwJw=="],

    "@commitlint/top-level": ["@commitlint/top-level@20.4.3", "", { "dependencies": { "escalade": "^3.2.0" } }, "sha512-qD9xfP6dFg5jQ3NMrOhG0/w5y3bBUsVGyJvXxdWEwBm8hyx4WOk3kKXw28T5czBYvyeCVJgJJ6aoJZUWDpaacQ=="],

    "@commitlint/types": ["@commitlint/types@20.5.0", "", { "dependencies": { "conventional-commits-parser": "^6.3.0", "picocolors": "^1.1.1" } }, "sha512-ZJoS8oSq2CAZEpc/YI9SulLrdiIyXeHb/OGqGrkUP6Q7YV+0ouNAa7GjqRdXeQPncHQIDz/jbCTlHScvYvO/gA=="],

    "@conventional-changelog/git-client": ["@conventional-changelog/git-client@2.7.0", "", { "dependencies": { "@simple-libs/child-process-utils": "^1.0.0", "@simple-libs/stream-utils": "^1.2.0", "semver": "^7.5.2" }, "peerDependencies": { "conventional-commits-filter": "^5.0.0", "conventional-commits-parser": "^6.4.0" }, "optionalPeers": ["conventional-commits-filter", "conventional-commits-parser"] }, "sha512-j7A8/LBEQ+3rugMzPXoKYzyUPpw/0CBQCyvtTR7Lmu4olG4yRC/Tfkq79Mr3yuPs0SUitlO2HwGP3gitMJnRFw=="],

    "@simple-libs/child-process-utils": ["@simple-libs/child-process-utils@1.0.2", "", { "dependencies": { "@simple-libs/stream-utils": "^1.2.0" } }, "sha512-/4R8QKnd/8agJynkNdJmNw2MBxuFTRcNFnE5Sg/G+jkSsV8/UBgULMzhizWWW42p8L5H7flImV2ATi79Ove2Tw=="],

    "@simple-libs/stream-utils": ["@simple-libs/stream-utils@1.2.0", "", {}, "sha512-KxXvfapcixpz6rVEB6HPjOUZT22yN6v0vI0urQSk1L8MlEWPDFCZkhw2xmkyoTGYeFw7tWTZd7e3lVzRZRN/EA=="],

    "@types/node": ["@types/node@26.2.0", "", { "dependencies": { "undici-types": "~8.3.0" } }, "sha512-5IviulTZeRNp2vAJ514cc/HUlY5nZ9fCbq9DMyC52BrhFZACo3nI0R7qBxhQmo/d27NFe96ur/b7Wwxklda+kg=="],

    "@typescript/typescript-aix-ppc64": ["@typescript/typescript-aix-ppc64@7.0.2", "", { "os": "aix", "cpu": "ppc64" }, "sha512-MTKKkWB7p/0E9xi1d1tHtZ5PiLkGEMIq88pK2CubZjOsLtYTLqhgIgi6zepFa+9GHZ6h05NMCkQxGKiPXMxXtQ=="],

    "@typescript/typescript-darwin-arm64": ["@typescript/typescript-darwin-arm64@7.0.2", "", { "os": "darwin", "cpu": "arm64" }, "sha512-gowzar9MwS/aRWp6f3a4KUqzRjAZjOsmGNCM6LcTgXum+dBfgsBVMN+AgvOCCbguXyick6LJhpBszxMebJ8syA=="],

    "@typescript/typescript-darwin-x64": ["@typescript/typescript-darwin-x64@7.0.2", "", { "os": "darwin", "cpu": "x64" }, "sha512-SZ9xZInqApNlNGc9s0W1VSsktYSOe9cFqNOIqmN1Gs8SmkjKZYFt017G4VwPxASInODuAdbTW7sXiFUf893RgA=="],

    "@typescript/typescript-freebsd-arm64": ["@typescript/typescript-freebsd-arm64@7.0.2", "", { "os": "freebsd", "cpu": "arm64" }, "sha512-W5NH4y/J0plIIS5b2xvTEkU7JFxyqdMAOgf+Ilhl0vHQXKO5dZoxd+C/jEtq56c4F3wk71RB4BMRQ2XdI+bwYQ=="],

    "@typescript/typescript-freebsd-x64": ["@typescript/typescript-freebsd-x64@7.0.2", "", { "os": "freebsd", "cpu": "x64" }, "sha512-UMGDx5sTpzNw3WiPebH7l90IWfJggEd+egHt/q6p7/Cm3zqoV7VxkGXt+3DxPIw8CcmvAB0j3sVVfbhX+M4Tpw=="],

    "@typescript/typescript-linux-arm": ["@typescript/typescript-linux-arm@7.0.2", "", { "os": "linux", "cpu": "arm" }, "sha512-gffT3xPz9sR7j/YJExkyPntrI0P2EP9XbOyWzth2/Gs0RstK+90RBcO0ncXoXy/beYll1SXw846Nf2zdnEz0QQ=="],

    "@typescript/typescript-linux-arm64": ["@typescript/typescript-linux-arm64@7.0.2", "", { "os": "linux", "cpu": "arm64" }, "sha512-Qh4eU4/y3yDjnfjjyPYihMj5/ODIlmt+Bzu17OI+fiSRDW57QmU5SiN63exPRNJPKUzcc1INa1NXdrJ+MqHjUQ=="],

    "@typescript/typescript-linux-loong64": ["@typescript/typescript-linux-loong64@7.0.2", "", { "os": "linux", "cpu": "none" }, "sha512-uEHck9i8hoAzXPiYRib1O7miOnz23SxIeVl6F4LXox+qov1K35jHcEW6VHKvZI+pyvl7fZEP4MCU5LYvIq1GuQ=="],

    "@typescript/typescript-linux-mips64el": ["@typescript/typescript-linux-mips64el@7.0.2", "", { "os": "linux", "cpu": "none" }, "sha512-R4KvAMnE43W5Qeqb0Ly56O3mWMWIAgsMyz36DCaycd5nbg/9kzm0liw3JocfRqyJY0KPmzFjbswozXyW0DnIYA=="],

    "@typescript/typescript-linux-ppc64": ["@typescript/typescript-linux-ppc64@7.0.2", "", { "os": "linux", "cpu": "ppc64" }, "sha512-DORx5b3sd/4S7eayxm4FQv+A7CrkUIGRaHiwI8oiHTAI1fAPWhF4J0vAlkC8biAlHSVVwxMQ3tjZ2/DVbnQiiA=="],

    "@typescript/typescript-linux-riscv64": ["@typescript/typescript-linux-riscv64@7.0.2", "", { "os": "linux", "cpu": "none" }, "sha512-wf0jqEDOjrPRnKwYRyyJDRo11KMbvMFrU+q4zqKyChODBzvlkbhNQfKvLxQCcwTpdDaXSHZTVuh0JoCrKCUMHQ=="],

    "@typescript/typescript-linux-s390x": ["@typescript/typescript-linux-s390x@7.0.2", "", { "os": "linux", "cpu": "s390x" }, "sha512-IkwJc3L7yhytWd/ewjyxNDfOmswCm9GWMJT/ue/dU4aZNbwZeYAetq42VyLmsmSjvoX7z74X6ZaYCtzAr0EuGw=="],

    "@typescript/typescript-linux-x64": ["@typescript/typescript-linux-x64@7.0.2", "", { "os": "linux", "cpu": "x64" }, "sha512-EYdf2cNg7rgCWJnxCdJ+F3V39O8ihb37eHAu1LK8oAFizgTQbPOK7zHHXbPt8rX24COqODXeI3sIf0fCXG7H/A=="],

    "@typescript/typescript-netbsd-arm64": ["@typescript/typescript-netbsd-arm64@7.0.2", "", { "os": "none", "cpu": "arm64" }, "sha512-+polYF4MF04aPpO5FTkHran9yUQDSXqy5GiSDKpsll5jy3l3+g9QLhpf39T+ePtefhXLOGrLl0QIjkQP6VnelA=="],

    "@typescript/typescript-netbsd-x64": ["@typescript/typescript-netbsd-x64@7.0.2", "", { "os": "none", "cpu": "x64" }, "sha512-8YIT0EHM/3dq10ZOVF/A7pc/YSMtbcecct4rWtexrnSCHOPcpC2KTLXfTCR6vDpnSiY12heNb1GiN/wu+T/FyA=="],

    "@typescript/typescript-openbsd-arm64": ["@typescript/typescript-openbsd-arm64@7.0.2", "", { "os": "openbsd", "cpu": "arm64" }, "sha512-APT8+ClYnuYm1u9+kgGXoMj2VzWzcymwh2gNSQVySHfkRDGOTVkoWLjCmOQSaO+PoqQ57B0flRp9SA+7GnnkzQ=="],

    "@typescript/typescript-openbsd-x64": ["@typescript/typescript-openbsd-x64@7.0.2", "", { "os": "openbsd", "cpu": "x64" }, "sha512-yX7s+Q0Dln0Dt9tEzZsAjXXR/+ytBM7AlglaqyeMPxQszJ1JhlJdZ6jLA+IzldHtflX81em7lDao1xXu+aRRkg=="],

    "@typescript/typescript-sunos-x64": ["@typescript/typescript-sunos-x64@7.0.2", "", { "os": "sunos", "cpu": "x64" }, "sha512-dLJDGaLZ1D4HPQn62u1n8mBDkJREwMsAkCdkwd4Ieqw+x3TUyTsqY0YiBCtE6H6OzzgGk3iuZ3vFWRS+E8/d1g=="],

    "@typescript/typescript-win32-arm64": ["@typescript/typescript-win32-arm64@7.0.2", "", { "os": "win32", "cpu": "arm64" }, "sha512-Gyl1Vy6OsWesLzmq+EP0Fb7b4Nid5232AvcA2SFcdYreldpNtYFFofPjnt62y9hQy7VTaZp65ICJjuAQRaVcIQ=="],

    "@typescript/typescript-win32-x64": ["@typescript/typescript-win32-x64@7.0.2", "", { "os": "win32", "cpu": "x64" }, "sha512-0BQ3HkAHHlKLSp1qRvf3SUhGpGsDuhB/jgFw75guyqbxJqEaS0Cw/VFO8i2nHglJUzQCRtMMR/IBAKE3ETMC4g=="],

    "ajv": ["ajv@8.20.0", "", { "dependencies": { "fast-deep-equal": "^3.1.3", "fast-uri": "^3.0.1", "json-schema-traverse": "^1.0.0", "require-from-string": "^2.0.2" } }, "sha512-Thbli+OlOj+iMPYFBVBfJ3OmCAnaSyNn4M1vz9T6Gka5Jt9ba/HIR56joy65tY6kx/FCF5VXNB819Y7/GUrBGA=="],

    "ansi-regex": ["ansi-regex@5.0.1", "", {}, "sha512-quJQXlTSUGL2LH9SUXo8VwsY4soanhgo6LNSm84E1LBcE8s3O0wpdiRzyR9z/ZZJMlMWv37qOOb9pdJlMUEKFQ=="],

    "ansi-styles": ["ansi-styles@4.3.0", "", { "dependencies": { "color-convert": "^2.0.1" } }, "sha512-zbB9rCJAT1rbjiVDb2hqKFHNYLxgtk8NURxZ3IZwD3F6NtxbXZQCnnSi1Lkx+IDohdPlFp222wVALIheZJQSEg=="],

    "argparse": ["argparse@2.0.1", "", {}, "sha512-8+9WqebbFzpX9OR+Wa6O29asIogeRMzcGtAINdpMHHyAg10f05aSFVBbcEqGf/PXw1EjAZ+q2/bEBg3DvurK3Q=="],

    "array-ify": ["array-ify@1.0.0", "", {}, "sha512-c5AMf34bKdvPhQ7tBGhqkgKNUzMr4WUs+WDtC2ZUGOUncbxKMTvqxYctiseW3+L4bA8ec+GcZ6/A/FW4m8ukng=="],

    "balanced-match": ["balanced-match@4.0.4", "", {}, "sha512-BLrgEcRTwX2o6gGxGOCNyMvGSp35YofuYzw9h1IMTRmKqttAZZVU67bdb9Pr2vUHA8+j3i2tJfjO6C6+4myGTA=="],

    "brace-expansion": ["brace-expansion@5.0.9", "", { "dependencies": { "balanced-match": "^4.0.2" } }, "sha512-ScQ4IuvIEF1TMlP7Zt+vjJ//9zlPb2SDcxWxM3bk8s6t6GGdJ7KO1dCcTidOPJKePW30LE/2cT7wCyPho9/Wxg=="],

    "callsites": ["callsites@3.1.0", "", {}, "sha512-P8BjAsXvZS+VIDUI11hHCQEv74YT67YUi5JJFNWIqL235sBmjX4+qx9Muvls5ivyNENctx46xQLQ3aTuE7ssaQ=="],

    "cliui": ["cliui@8.0.1", "", { "dependencies": { "string-width": "^4.2.0", "strip-ansi": "^6.0.1", "wrap-ansi": "^7.0.0" } }, "sha512-BSeNnyus75C4//NQ9gQt1/csTXyo/8Sb+afLAkzAptFuMsod9HFokGNudZpi/oQV73hnVK+sR+5PVRMd+Dr7YQ=="],

    "color-convert": ["color-convert@2.0.1", "", { "dependencies": { "color-name": "~1.1.4" } }, "sha512-RRECPsj7iu/xb5oKYcsFHSppFNnsj/52OVTRKb4zP5onXwVF3zVmmToNcOfGC+CRDpfK/U584fMg38ZHCaElKQ=="],

    "color-name": ["color-name@1.1.4", "", {}, "sha512-dOy+3AuW3a2wNbZHIuMZpTcgjGuLU/uBL/ubcZF9OXbDo8ff4O8yVp5Bf0efS8uEoYo5q4Fx7dY9OgQGXgAsQA=="],

    "compare-func": ["compare-func@2.0.0", "", { "dependencies": { "array-ify": "^1.0.0", "dot-prop": "^5.1.0" } }, "sha512-zHig5N+tPWARooBnb0Zx1MFcdfpyJrfTJ3Y5L+IFvUm8rM74hHz66z0gw0x4tijh5CorKkKUCnW82R2vmpeCRA=="],

    "conventional-changelog-angular": ["conventional-changelog-angular@8.3.1", "", { "dependencies": { "compare-func": "^2.0.0" } }, "sha512-6gfI3otXK5Ph5DfCOI1dblr+kN3FAm5a97hYoQkqNZxOaYa5WKfXH+AnpsmS+iUH2mgVC2Cg2Qw9m5OKcmNrIg=="],

    "conventional-changelog-conventionalcommits": ["conventional-changelog-conventionalcommits@9.3.1", "", { "dependencies": { "compare-func": "^2.0.0" } }, "sha512-dTYtpIacRpcZgrvBYvBfArMmK2xvIpv2TaxM0/ZI5CBtNUzvF2x0t15HsbRABWprS6UPmvj+PzHVjSx4qAVKyw=="],

    "conventional-commits-parser": ["conventional-commits-parser@6.4.0", "", { "dependencies": { "@simple-libs/stream-utils": "^1.2.0", "meow": "^13.0.0" }, "bin": { "conventional-commits-parser": "dist/cli/index.js" } }, "sha512-tvRg7FIBNlyPzjdG8wWRlPHQJJHI7DylhtRGeU9Lq+JuoPh5BKpPRX83ZdLrvXuOSu5Eo/e7SzOQhU4Hd2Miuw=="],

    "cosmiconfig": ["cosmiconfig@9.0.2", "", { "dependencies": { "env-paths": "^2.2.1", "import-fresh": "^3.3.0", "js-yaml": "^4.1.0", "parse-json": "^5.2.0" }, "peerDependencies": { "typescript": ">=4.9.5" }, "optionalPeers": ["typescript"] }, "sha512-gtTZxTDau1wL7Y7zifc2dd8jHSK/k6BTx/2Xp/BpdlAdnlYWFVt7qhJqgwi7637yRwRQ3qL4ZidbB4I8tA5VOg=="],

    "cosmiconfig-typescript-loader": ["cosmiconfig-typescript-loader@6.3.0", "", { "dependencies": { "jiti": "2.6.1" }, "peerDependencies": { "@types/node": "*", "cosmiconfig": ">=9", "typescript": ">=5" } }, "sha512-Akr82WH1Wfqatyiqpj8HDkO2o2KmJRu1FhKfSNJP3K4IdXwHfEyL7MOb62i1AGQVLtIQM+iCE9CGOtrfhR+mmA=="],

    "dettle": ["dettle@1.0.5", "", {}, "sha512-ZVyjhAJ7sCe1PNXEGveObOH9AC8QvMga3HJIghHawtG7mE4K5pW9nz/vDGAr/U7a3LWgdOzEE7ac9MURnyfaTA=="],

    "dot-prop": ["dot-prop@5.3.0", "", { "dependencies": { "is-obj": "^2.0.0" } }, "sha512-QM8q3zDe58hqUqjraQOmzZ1LIH9SWQJTlEKCH4kJ2oQvLZk7RbQXvtDM2XEq3fwkV9CCvvH4LA0AV+ogFsBM2Q=="],

    "emoji-regex": ["emoji-regex@8.0.0", "", {}, "sha512-MSjYzcWNOA0ewAHpz0MxpYFvwg6yjy1NG3xteoqz644VCo/RPgnr1/GGt+ic3iJTzQ8Eu3TdM14SawnVUmGE6A=="],

    "env-paths": ["env-paths@2.2.1", "", {}, "sha512-+h1lkLKhZMTYjog1VEpJNG7NZJWcuc2DDk/qsqSTRRCOXiLjeQ1d1/udrUGhqMxUgAlwKNZ0cf2uqan5GLuS2A=="],

    "error-ex": ["error-ex@1.3.4", "", { "dependencies": { "is-arrayish": "^0.2.1" } }, "sha512-sqQamAnR14VgCr1A618A3sGrygcpK+HEbenA/HiEAkkUwcZIIB/tgWqHFxWgOyDh4nB4JCRimh79dR5Ywc9MDQ=="],

    "es-toolkit": ["es-toolkit@1.51.0", "", {}, "sha512-zC2lQGkM7QX+Gm6iM3+WIdZJzthsEd14LvRNJneSO2hzyz/zNBENR8+YXWo1cKxgPBtV6ksPYHELbcwBRzmdCw=="],

    "escalade": ["escalade@3.2.0", "", {}, "sha512-WUj2qlxaQtO4g6Pq5c29GTcWGDyd8itL8zTlipgECz3JesAiiOKotd8JU6otB3PACgG6xkJUyVhboMS+bje/jA=="],

    "fast-deep-equal": ["fast-deep-equal@3.1.3", "", {}, "sha512-f3qQ9oQy9j2AhBe/H9VC91wLmKBCCU/gDOnKNAYG5hswO7BLKj09Hc5HYNz9cGI++xlpDCIgDaitVs03ATR84Q=="],

    "fast-uri": ["fast-uri@3.1.5", "", {}, "sha512-gHwA1O9LDIcKunMKhObS/HimwtehO1nPUECKAu5TpKgaO19fcWEl4bliWe1jWxVFvIXztJjjQ4L8XQ1EU9f7Jw=="],

    "get-caller-file": ["get-caller-file@2.0.5", "", {}, "sha512-DyFP3BM/3YHTQOCUL/w0OZHR0lpKeGrxotcHWcqNEdnltqFwXVfhEBQ94eIo34AfQpo0rGki4cyIiftY06h2Fg=="],

    "git-raw-commits": ["git-raw-commits@5.0.1", "", { "dependencies": { "@conventional-changelog/git-client": "^2.6.0", "meow": "^13.0.0" }, "bin": { "git-raw-commits": "src/cli.js" } }, "sha512-Y+csSm2GD/PCSh6Isd/WiMjNAydu0VBiG9J7EdQsNA5P9uXvLayqjmTsNlK5Gs9IhblFZqOU0yid5Il5JPoLiQ=="],

    "glob": ["glob@13.0.6", "", { "dependencies": { "minimatch": "^10.2.2", "minipass": "^7.1.3", "path-scurry": "^2.0.2" } }, "sha512-Wjlyrolmm8uDpm/ogGyXZXb1Z+Ca2B8NbJwqBVg0axK9GbBeoS7yGV6vjXnYdGm6X53iehEuxxbyiKp8QmN4Vw=="],

    "global-directory": ["global-directory@5.0.0", "", { "dependencies": { "ini": "6.0.0" } }, "sha512-1pgFdhK3J2LeM+dVf2Pd424yHx2ou338lC0ErNP2hPx4j8eW1Sp0XqSjNxtk6Tc4Kr5wlWtSvz8cn2yb7/SG/w=="],

    "import-fresh": ["import-fresh@3.3.1", "", { "dependencies": { "parent-module": "^1.0.0", "resolve-from": "^4.0.0" } }, "sha512-TR3KfrTZTYLPB6jUjfx6MF9WcWrHL9su5TObK4ZkYgBdWKPOFoSoQIdEuTuR82pmtxH2spWG9h6etwfr1pLBqQ=="],

    "import-meta-resolve": ["import-meta-resolve@4.2.0", "", {}, "sha512-Iqv2fzaTQN28s/FwZAoFq0ZSs/7hMAHJVX+w8PZl3cY19Pxk6jFFalxQoIfW2826i/fDLXv8IiEZRIT0lDuWcg=="],

    "ini": ["ini@6.0.0", "", {}, "sha512-IBTdIkzZNOpqm7q3dRqJvMaldXjDHWkEDfrwGEQTs5eaQMWV+djAhR+wahyNNMAa+qpbDUhBMVt4ZKNwpPm7xQ=="],

    "is-arrayish": ["is-arrayish@0.2.1", "", {}, "sha512-zz06S8t0ozoDXMG+ube26zeCTNXcKIPJZJi8hBrF4idCLms4CG9QtK7qBl1boi5ODzFpjswb5JPmHCbMpjaYzg=="],

    "is-fullwidth-code-point": ["is-fullwidth-code-point@3.0.0", "", {}, "sha512-zymm5+u+sCsSWyD9qNaejV3DFvhCKclKdizYaJUuHA83RLjb7nSuGnddCHGv0hk+KY7BMAlsWeK4Ueg6EV6XQg=="],

    "is-obj": ["is-obj@2.0.0", "", {}, "sha512-drqDG3cbczxxEJRoOXcOjtdp1J/lyp1mNn0xaznRs8+muBhgQcrnbspox5X5fOw0HnMnbfDzvnEMEtqDEJEo8w=="],

    "is-plain-obj": ["is-plain-obj@4.1.0", "", {}, "sha512-+Pgi+vMuUNkJyExiMBt5IlFoMyKnr5zhJ4Uspz58WOhBF5QoIZkFyNHIbBAtHwzVAgk5RtndVNsDRN61/mmDqg=="],

    "jiti": ["jiti@2.6.1", "", { "bin": { "jiti": "lib/jiti-cli.mjs" } }, "sha512-ekilCSN1jwRvIbgeg/57YFh8qQDNbwDb9xT/qu2DAHbFFZUicIl4ygVaAvzveMhMVr3LnpSKTNnwt8PoOfmKhQ=="],

    "js-tokens": ["js-tokens@4.0.0", "", {}, "sha512-RdJUflcE3cUzKiMqQgsCu06FPu9UdIJO0beYbPhHN4k6apgJtifcoCtT9bcxOpYBtpD2kCM6Sbzg4CausW/PKQ=="],

    "js-yaml": ["js-yaml@4.3.1", "", { "dependencies": { "argparse": "^2.0.1" }, "bin": { "js-yaml": "bin/js-yaml.js" } }, "sha512-CY6crGq313MX8GkwvB7tzgp99vjQxY1++5y10/BKN/GUfHqWaOGQMNZkBvqSzsZKWk/ijwHlWzzkLulsGHhjWQ=="],

    "json-parse-even-better-errors": ["json-parse-even-better-errors@2.3.1", "", {}, "sha512-xyFwyhro/JEof6Ghe2iz2NcXoj2sloNsWr/XsERDK/oiPCfaNhl5ONfp+jQdAZRQQ0IJWNzH9zIZF7li91kh2w=="],

    "json-schema-traverse": ["json-schema-traverse@1.0.0", "", {}, "sha512-NM8/P9n3XjXhIZn1lLhkFaACTOURQXjWhV4BA/RnOv8xvgqtqpAX9IO4mRQxSx1Rlo4tqzeqb0sOlruaOy3dug=="],

    "lefthook": ["lefthook@2.1.10", "", { "optionalDependencies": { "lefthook-darwin-arm64": "2.1.10", "lefthook-darwin-x64": "2.1.10", "lefthook-freebsd-arm64": "2.1.10", "lefthook-freebsd-x64": "2.1.10", "lefthook-linux-arm64": "2.1.10", "lefthook-linux-x64": "2.1.10", "lefthook-openbsd-arm64": "2.1.10", "lefthook-openbsd-x64": "2.1.10", "lefthook-windows-arm64": "2.1.10", "lefthook-windows-x64": "2.1.10" }, "bin": { "lefthook": "bin/index.js" } }, "sha512-K7mM4WoqMwqfXYK11EHy+lSH1uW8XHni3Yn/bSqyerPkUPygGdf3xn18JoV5HyA06xuQL3ofGAOjG01QX9oJ4w=="],

    "lefthook-darwin-arm64": ["lefthook-darwin-arm64@2.1.10", "", { "os": "darwin", "cpu": "arm64" }, "sha512-nw+X8wRNDoUUV6WSteyKBbcLySq+fsmZt5WV/s50ZJpysmsDKJOUMln6SllNfP+60dzUahAO7REco/2633BsLg=="],

    "lefthook-darwin-x64": ["lefthook-darwin-x64@2.1.10", "", { "os": "darwin", "cpu": "x64" }, "sha512-KQ/bHmvpkFdHMn4pZnUdTf+GuSC+aBBgBTxZT4GW+6cSf+qbErKZBhK7cH6BmILsvx43+VzEArvHYY7YOfRFOQ=="],

    "lefthook-freebsd-arm64": ["lefthook-freebsd-arm64@2.1.10", "", { "os": "freebsd", "cpu": "arm64" }, "sha512-8su6DwydP7+pv7kG0zCtjphqsw4ouOnfexRUErapy5GTxYBoUOhYz3RSHTSWNRsK6W4jva7FPUh2Lp5/PSn30w=="],

    "lefthook-freebsd-x64": ["lefthook-freebsd-x64@2.1.10", "", { "os": "freebsd", "cpu": "x64" }, "sha512-GeAJEFxko3Lk+AsnS3NleAFrpyMLFUKOlgJvPKuU0xHwVEI/z+ZoCcmuO0BX+4CS0NLbZhC/YQAvBASqDvvVdQ=="],

    "lefthook-linux-arm64": ["lefthook-linux-arm64@2.1.10", "", { "os": "linux", "cpu": "arm64" }, "sha512-1sHTCmpTWjVMs+yKPBLRNT1kuuIr1yjietlk7rCB6wFPVOS6Ph3o2zPFH2AvW1UymHlqwyHXzBr9EtDpQ7j1mQ=="],

    "lefthook-linux-x64": ["lefthook-linux-x64@2.1.10", "", { "os": "linux", "cpu": "x64" }, "sha512-z/VlRB3bh6mBvW3r1rwnJ5vP8z+Krx5gJzkZ4veDXh+6FlRTx8wtd3g3fllOv/yZMxkgmL3fQoFXv05Esa7vBQ=="],

    "lefthook-openbsd-arm64": ["lefthook-openbsd-arm64@2.1.10", "", { "os": "openbsd", "cpu": "arm64" }, "sha512-430zL8sSIKw5P0YXGG6PB+eAhHa06n0PXuaERaAQE4Ss3odfqwnl5Mq9hQmkEnOS1EGiQEKkd0UHv/i4PtMNIQ=="],

    "lefthook-openbsd-x64": ["lefthook-openbsd-x64@2.1.10", "", { "os": "openbsd", "cpu": "x64" }, "sha512-bgkO8PphGZVDhQgCJ524aYYPI5491pVmCiLPGjBIo1AvOSlIyw4N1Y+1C3QfqwEmechzw+Aq16SNc8pqv6UuXg=="],

    "lefthook-windows-arm64": ["lefthook-windows-arm64@2.1.10", "", { "os": "win32", "cpu": "arm64" }, "sha512-5Q6etF0Fla2DDA4ilDySrdNgiR5+W7cJZwnZ69Je3kvWCaWm4wnkuc8FEdjp3kiL2x3ZXipdI00f5vpO8aWmog=="],

    "lefthook-windows-x64": ["lefthook-windows-x64@2.1.10", "", { "os": "win32", "cpu": "x64" }, "sha512-c/XH8YZtylG4XaxzqFfXluvq2LXq2W/p54Bnzn3+Z7E5X2Fk3JlFJAibulMbIt2+w8T7UI/r97ok5GqE4kGaeA=="],

    "lines-and-columns": ["lines-and-columns@1.2.4", "", {}, "sha512-7ylylesZQ/PV29jhEDl3Ufjo6ZX7gCqJr5F7PKrqc93v7fzSymt1BpwEU8nAUXs8qzzvqhbjhK5QZg6Mt/HkBg=="],

    "lru-cache": ["lru-cache@11.5.2", "", {}, "sha512-4pfM1Ff0x50o0tQwb5ucw/RzNyD0/YJME6IVcStalZuMWxdt3sR3huStTtxz4PUmvZfRguvDejasvQ2kifR11g=="],

    "meow": ["meow@13.2.0", "", {}, "sha512-pxQJQzB6djGPXh08dacEloMFopsOqGVRKFPYvPOt9XDZ1HasbgDZA74CJGreSU4G3Ak7EFJGoiH2auq+yXISgA=="],

    "minimatch": ["minimatch@10.2.6", "", { "dependencies": { "brace-expansion": "^5.0.8" } }, "sha512-vpLQEs+VLCr1nU0BXS07maYoFwlDAH0gngQuuttxIwutDFEMHq2blX+8vpgxDdK3J1PwjCJiep77OitTZ4Ll1A=="],

    "minimist": ["minimist@1.2.8", "", {}, "sha512-2yyAR8qBkN3YuheJanUpWC5U3bb5osDywNB8RzDVlDwDHbocAJveqqj1u8+SVD7jkWT4yvsHCpWqqWqAxb0zCA=="],

    "minipass": ["minipass@7.1.3", "", {}, "sha512-tEBHqDnIoM/1rXME1zgka9g6Q2lcoCkxHLuc7ODJ5BxbP5d4c2Z5cGgtXAku59200Cx7diuHTOYfSBD8n6mm8A=="],

    "parent-module": ["parent-module@1.0.1", "", { "dependencies": { "callsites": "^3.0.0" } }, "sha512-GQ2EWRpQV8/o+Aw8YqtfZZPfNRWZYkbidE9k5rpl/hC3vtHHBfGm2Ifi6qWV+coDGkrUKZAxE3Lot5kcsRlh+g=="],

    "parse-json": ["parse-json@5.2.0", "", { "dependencies": { "@babel/code-frame": "^7.0.0", "error-ex": "^1.3.1", "json-parse-even-better-errors": "^2.3.0", "lines-and-columns": "^1.1.6" } }, "sha512-ayCKvm/phCGxOkYRSCM82iDwct8/EonSEgCSxWxD7ve6jHggsFl4fZVQBPRNgQoKiuV/odhFrGzQXZwbifC8Rg=="],

    "path-scurry": ["path-scurry@2.0.2", "", { "dependencies": { "lru-cache": "^11.0.0", "minipass": "^7.1.2" } }, "sha512-3O/iVVsJAPsOnpwWIeD+d6z/7PmqApyQePUtCndjatj/9I5LylHvt5qluFaBT3I5h3r1ejfR056c+FCv+NnNXg=="],

    "picocolors": ["picocolors@1.1.1", "", {}, "sha512-xceH2snhtb5M9liqDsmEw56le376mTZkEX/jEb/RxNFyegNul7eNslCXP9FDj/Lcu0X8KEyMceP2ntpaHrDEVA=="],

    "promise-make-counter": ["promise-make-counter@1.0.2", "", { "dependencies": { "promise-make-naked": "^3.0.2" } }, "sha512-FJAxTBWQuQoAs4ZOYuKX1FHXxEgKLEzBxUvwr4RoOglkTpOjWuM+RXsK3M9q5lMa8kjqctUrhwYeZFT4ygsnag=="],

    "promise-make-naked": ["promise-make-naked@3.0.2", "", {}, "sha512-B+b+kQ1YrYS7zO7P7bQcoqqMUizP06BOyNSBEnB5VJKDSWo8fsVuDkfSmwdjF0JsRtaNh83so5MMFJ95soH5jg=="],

    "require-directory": ["require-directory@2.1.1", "", {}, "sha512-fGxEI7+wsG9xrvdjsrlmL22OMTTiHRwAMroiEeMgq8gzoLC/PQr7RsRDSTLUg/bZAZtF+TVIkHc6/4RIKrui+Q=="],

    "require-from-string": ["require-from-string@2.0.2", "", {}, "sha512-Xf0nWe6RseziFMu+Ap9biiUbmplq6S9/p+7w7YXP/JBHhrUDDUhwa+vANyubuqfZWTveU//DYVGsDG7RKL/vEw=="],

    "resolve-from": ["resolve-from@5.0.0", "", {}, "sha512-qYg9KP24dD5qka9J47d0aVky0N+b4fTU89LN9iDnjB5waksiC49rvMB0PrUJQGoTmH50XPiqOvAjDfaijGxYZw=="],

    "semver": ["semver@7.8.5", "", { "bin": { "semver": "bin/semver.js" } }, "sha512-Y7/KDsb8LjooZpwaqGyulO6DQlksgCncchHGk+sZIY4SBvUocMBEFH5Ur1fI4dV+Jvl0w6cjvucaIi40puRioA=="],

    "skir": ["skir@1.2.20", "", { "dependencies": { "glob": "^13.0.6", "skir-cc-gen": "^1.0.16", "skir-csharp-gen": "^0.1.1", "skir-dart-gen": "^1.0.8", "skir-gleam-gen": "^0.1.3", "skir-go-gen": "^0.1.7", "skir-internal": "^0.2.21", "skir-java-gen": "^1.0.10", "skir-kotlin-gen": "^1.0.11", "skir-moonbit-gen": "^0.1.0", "skir-python-gen": "^1.0.9", "skir-rust-gen": "^0.1.5", "skir-swift-gen": "^0.1.7", "skir-typescript-gen": "^1.0.11", "skir-zig-gen": "^0.1.8", "watcher": "^2.3.1", "yaml": "^2.7.1", "zod": "^4.3.6" }, "bin": { "skir": "dist/compiler.js" } }, "sha512-GPbFQ73bM1njC9mrtFcgmkrwr+8YcrGmlB1DnfNxruI8k2OL5l5AFsNt97+uwi4zNyDlRJmsiOhdfJ3GqmzJdw=="],

    "skir-cc-gen": ["skir-cc-gen@1.0.16", "", { "dependencies": { "skir-internal": "^0.2.19", "zod": "^4.2.1" } }, "sha512-BpL81tWcOndPtIReX3ek+ZGK6wblCiTUvX2rf0tcc8LuMtVMD1y7iCT4+Mh2aZmnWTxjmJYjqIBiTXooLPyhCg=="],

    "skir-csharp-gen": ["skir-csharp-gen@0.1.1", "", { "dependencies": { "skir-internal": "^0.2.21", "zod": "^4.2.1" } }, "sha512-aP594TnW2iSRBnp9H7TeYyXNS9NmmERT3WF80mNhNdanBeShzvnuQu0QgShJMX0k5nQEoK579lZNSwSYNAZBSQ=="],

    "skir-dart-gen": ["skir-dart-gen@github:gabber235/skir-dart-gen#78c2d2d", { "dependencies": { "skir-internal": "^0.1.1", "zod": "^4.2.1" } }, "gabber235-skir-dart-gen-78c2d2d", "sha512-H2ZD3aFtqjD+7J7yS+//iRKcPd//2p2RthVDQWKxY87Hyzvy4Bt81V+Kw+RlMmz6gIaI0uExXpET/iJ+KU2X8Q=="],

    "skir-gleam-gen": ["skir-gleam-gen@0.1.3", "", { "dependencies": { "skir-internal": "^0.2.19", "zod": "^4.2.1" } }, "sha512-qSCk1Xr0cDaI5yQbZCcST75QloKJL74waO9q2uVW6JlWgAC9YL+ZlDZ5rJbJcJecbZnWuPyFRK6pQfwV7VmU1w=="],

    "skir-go-gen": ["skir-go-gen@0.1.7", "", { "dependencies": { "skir-internal": "^0.1.1", "zod": "^4.2.1" } }, "sha512-E3INrMI+Hx8e9qUkscZD5Ggite1g8SEqv6bAQp8dcAROL86cV5qnOrkv2WUSZGJhpjHfppzVTcwOgQPyYgUgyw=="],

    "skir-internal": ["skir-internal@0.2.21", "", { "dependencies": { "zod": "^4.3.6" }, "bin": { "skir-internal": "dist/compiler.js" } }, "sha512-Fnuq+Y6iY4mF/9BxgeZn89N7qageN0DFzyNo2iEOSSP2TpFl/1maXX0ZdUJGLQzrBYWlj8Cv5qn6f4bEtkMulg=="],

    "skir-java-gen": ["skir-java-gen@1.0.10", "", { "dependencies": { "skir-internal": "^0.1.1", "zod": "^4.2.1" } }, "sha512-oE9bEVHmclzp6AGgfPmN1EygNq9oM4QI5+UEbfXx/9wwiNli0FNlT/RaSNzjUr3566oxlmaOLwHihel2VHPr3w=="],

    "skir-kotlin-gen": ["skir-kotlin-gen@1.0.11", "", { "dependencies": { "skir-internal": "^0.1.1", "zod": "^4.2.1" } }, "sha512-gK9vmpPqYeiVWIqNnWUFxqJjSy4iAq3ZG+Vj+xYdgJiSst2iKHKthuUK/sVoXW/RXFDUYdK8qrtgG2kcjuooVw=="],

    "skir-moonbit-gen": ["skir-moonbit-gen@0.1.1", "", { "dependencies": { "skir-internal": "^0.2.19", "zod": "^4.2.1" } }, "sha512-AYQj/WRuViIjrMi7fcm9meph2tGQOJpf8iSBDU0Jy3IlWm+2AVfyqKnJT/FUaOwdzYhiYLXc/Q2ibIuZJOP1mw=="],

    "skir-python-gen": ["skir-python-gen@1.0.9", "", { "dependencies": { "skir-internal": "^0.1.1", "zod": "^4.2.1" } }, "sha512-dJBq8+dQAZWHlUUxR0irCMOgsfmkS/AbyZYO/ihzG0kWR01NUwS22Usm/ZjivZWv9JL+fvNy8jIBW5B5/H+J8Q=="],

    "skir-rust-gen": ["skir-rust-gen@0.1.5", "", { "dependencies": { "skir-internal": "^0.2.19", "zod": "^4.2.1" } }, "sha512-4OX7flc2WFzz2VURmlcxDZlTgJKQEl3XKqKuDIxayfF17nCTqjDE2Mlxf5vIohl0urh5tgzMQy2Qm1EqXEPxmg=="],

    "skir-swift-gen": ["skir-swift-gen@0.1.8", "", { "dependencies": { "skir-internal": "^0.1.1", "zod": "^4.2.1" } }, "sha512-oQShiizp1+5z9zrER6qMktfIZJ9pQgACSYpxZnJiTZ+YMbLsdweyRtfrlnrbTjyWspHd7RxDMT7q+ENJoHAItA=="],

    "skir-typescript-gen": ["skir-typescript-gen@1.0.11", "", { "dependencies": { "skir-internal": "^0.1.1", "zod": "^4.2.1" } }, "sha512-/pRzLCkrlGeSUBEHYOGypxDdpCgfSZGate3tgyOyiZx2Le9O6eQxReJXtj+0nsEH/4ZaDS2wh38lz18q7LK6eg=="],

    "skir-zig-gen": ["skir-zig-gen@0.1.8", "", { "dependencies": { "skir-internal": "^0.2.19", "zod": "^4.2.1" } }, "sha512-XQQI6UFHeAwnVpyVUebcYXrKIeKloAo3YPWI2Hyst0xZS9MiRoLVl2bUscGrq66u+8441CejkyyfAnyzZSRUCQ=="],

    "string-width": ["string-width@4.2.3", "", { "dependencies": { "emoji-regex": "^8.0.0", "is-fullwidth-code-point": "^3.0.0", "strip-ansi": "^6.0.1" } }, "sha512-wKyQRQpjJ0sIp62ErSZdGsjMJWsap5oRNihHhu6G7JVO/9jIB6UyevL+tXuOqrng8j/cxKTWyWUwvSTriiZz/g=="],

    "strip-ansi": ["strip-ansi@6.0.1", "", { "dependencies": { "ansi-regex": "^5.0.1" } }, "sha512-Y38VPSHcqkFrCpFnQ9vuSXmquuv5oXOKpGeT6aGrr3o3Gc9AlVa6JBfUSOCnbxGGZF+/0ooI7KrPuUSztUdU5A=="],

    "stubborn-fs": ["stubborn-fs@1.2.5", "", {}, "sha512-H2N9c26eXjzL/S/K+i/RHHcFanE74dptvvjM8iwzwbVcWY/zjBbgRqF3K0DY4+OD+uTTASTBvDoxPDaPN02D7g=="],

    "tiny-readdir": ["tiny-readdir@2.7.4", "", { "dependencies": { "promise-make-counter": "^1.0.2" } }, "sha512-721U+zsYwDirjr8IM6jqpesD/McpZooeFi3Zc6mcjy1pse2C+v19eHPFRqz4chGXZFw7C3KITDjAtHETc2wj7Q=="],

    "tinyexec": ["tinyexec@1.3.0", "", {}, "sha512-QKAl9m8gWWGHV8jZcPeym6j+XULi6tOf1mT83WYJ4Lk2ytW/uwAWkrP0uFsdoYMdueVJ0qs26wZ+23xeB4ibNQ=="],

    "typescript": ["typescript@7.0.2", "", { "optionalDependencies": { "@typescript/typescript-aix-ppc64": "7.0.2", "@typescript/typescript-darwin-arm64": "7.0.2", "@typescript/typescript-darwin-x64": "7.0.2", "@typescript/typescript-freebsd-arm64": "7.0.2", "@typescript/typescript-freebsd-x64": "7.0.2", "@typescript/typescript-linux-arm": "7.0.2", "@typescript/typescript-linux-arm64": "7.0.2", "@typescript/typescript-linux-loong64": "7.0.2", "@typescript/typescript-linux-mips64el": "7.0.2", "@typescript/typescript-linux-ppc64": "7.0.2", "@typescript/typescript-linux-riscv64": "7.0.2", "@typescript/typescript-linux-s390x": "7.0.2", "@typescript/typescript-linux-x64": "7.0.2", "@typescript/typescript-netbsd-arm64": "7.0.2", "@typescript/typescript-netbsd-x64": "7.0.2", "@typescript/typescript-openbsd-arm64": "7.0.2", "@typescript/typescript-openbsd-x64": "7.0.2", "@typescript/typescript-sunos-x64": "7.0.2", "@typescript/typescript-win32-arm64": "7.0.2", "@typescript/typescript-win32-x64": "7.0.2" }, "bin": { "tsc": "bin/tsc" } }, "sha512-8FYau96o3NKOhbjKi/qNvG/W5jhzxkbdm5sj9AbZ/5T5sWqn3hJgLfGx27sRKZWTvyzCP8dLRBTf5tBTSRVUNA=="],

    "undici-types": ["undici-types@8.3.0", "", {}, "sha512-j375ScV60dom+YkPFIfTLcOiPxkN/buHz5GobjLhixFuANaNs3C9l4GmrWqejgXWJ7BbJcFYpTEUkS1Ge8bpZQ=="],

    "watcher": ["watcher@2.3.1", "", { "dependencies": { "dettle": "^1.0.2", "stubborn-fs": "^1.2.5", "tiny-readdir": "^2.7.2" } }, "sha512-d3yl+ey35h05r5EFP0TafE2jsmQUJ9cc2aernRVyAkZiu0J3+3TbNugNcqdUJDoWOfL2p+bNsN427stsBC/HnA=="],

    "wrap-ansi": ["wrap-ansi@7.0.0", "", { "dependencies": { "ansi-styles": "^4.0.0", "string-width": "^4.1.0", "strip-ansi": "^6.0.0" } }, "sha512-YVGIj2kamLSTxw6NsZjoBxfSwsn0ycdesmc4p+Q21c5zPuZ1pl+NfxVdxPtdHvmNVOQ6XSYG4AUtyt/Fi7D16Q=="],

    "y18n": ["y18n@5.0.8", "", {}, "sha512-0pfFzegeDWJHJIAmTLRP2DwHjdF5s7jo9tuztdQxAhINCdvS+3nGINqPd00AphqJR/0LhANUS6/+7SCb98YOfA=="],

    "yaml": ["yaml@2.9.0", "", { "bin": { "yaml": "bin.mjs" } }, "sha512-2AvhNX3mb8zd6Zy7INTtSpl1F15HW6Wnqj0srWlkKLcpYl/gMIMJiyuGq2KeI2YFxUPjdlB+3Lc10seMLtL4cA=="],

    "yargs": ["yargs@17.7.3", "", { "dependencies": { "cliui": "^8.0.1", "escalade": "^3.1.1", "get-caller-file": "^2.0.5", "require-directory": "^2.1.1", "string-width": "^4.2.3", "y18n": "^5.0.5", "yargs-parser": "^21.1.1" } }, "sha512-GZtjxm/J/4TSxuL3FNYjCmLktBTnIw/rVmKSIyKeYAZpmJB2ig9VauCC5xsa82GNKVKDAqpOn3KVzNt0zmrU0g=="],

    "yargs-parser": ["yargs-parser@21.1.1", "", {}, "sha512-tVpsJW7DdjecAiFpbIB1e3qxIQsE6NoPc5/eTdrbbIC4h0LVsWhnoa3g+m2HclBIujHzsxZ4VJVA+GUuc2/LBw=="],

    "zod": ["zod@4.4.3", "", {}, "sha512-ytENFjIJFl2UwYglde2jchW2Hwm4GJFLDiSXWdTrJQBIN9Fcyp7n4DhxJEiWNAJMV1/BqWfW/kkg71UDcHJyTQ=="],

    "import-fresh/resolve-from": ["resolve-from@4.0.0", "", {}, "sha512-pb/MYmXstAkysRFx8piNI1tGFNQIFA3vkE3Gq4EuA1dF6gHp/+vgZqsCGJapvy8N3Q+4o7FwvquPJcnZ7RYy4g=="],

    "skir/skir-dart-gen": ["skir-dart-gen@1.0.8", "", { "dependencies": { "skir-internal": "^0.1.1", "zod": "^4.2.1" } }, "sha512-9IWR7h05aD9/5jCKJyp7lEnigSkJ5Rkj531JzaJDiaWmEu4aAr61pP8n1nlNKnW8ML4LRc2SACuFGycd1DRdcg=="],

    "skir-dart-gen/skir-internal": ["skir-internal@0.1.1", "", { "dependencies": { "zod": "^4.2.1" }, "bin": { "skir-internal": "dist/compiler.js" } }, "sha512-lE/ZlQMfmGAZ3gb1gkdCv/PRZOrJmndp0tBWYcQb6Vr+qNjpPhIqw1a5iJ88muFw1AVUAGx97NIP3FI17vqi8A=="],

    "skir-go-gen/skir-internal": ["skir-internal@0.1.1", "", { "dependencies": { "zod": "^4.2.1" }, "bin": { "skir-internal": "dist/compiler.js" } }, "sha512-lE/ZlQMfmGAZ3gb1gkdCv/PRZOrJmndp0tBWYcQb6Vr+qNjpPhIqw1a5iJ88muFw1AVUAGx97NIP3FI17vqi8A=="],

    "skir-java-gen/skir-internal": ["skir-internal@0.1.1", "", { "dependencies": { "zod": "^4.2.1" }, "bin": { "skir-internal": "dist/compiler.js" } }, "sha512-lE/ZlQMfmGAZ3gb1gkdCv/PRZOrJmndp0tBWYcQb6Vr+qNjpPhIqw1a5iJ88muFw1AVUAGx97NIP3FI17vqi8A=="],

    "skir-kotlin-gen/skir-internal": ["skir-internal@0.1.1", "", { "dependencies": { "zod": "^4.2.1" }, "bin": { "skir-internal": "dist/compiler.js" } }, "sha512-lE/ZlQMfmGAZ3gb1gkdCv/PRZOrJmndp0tBWYcQb6Vr+qNjpPhIqw1a5iJ88muFw1AVUAGx97NIP3FI17vqi8A=="],

    "skir-python-gen/skir-internal": ["skir-internal@0.1.1", "", { "dependencies": { "zod": "^4.2.1" }, "bin": { "skir-internal": "dist/compiler.js" } }, "sha512-lE/ZlQMfmGAZ3gb1gkdCv/PRZOrJmndp0tBWYcQb6Vr+qNjpPhIqw1a5iJ88muFw1AVUAGx97NIP3FI17vqi8A=="],

    "skir-swift-gen/skir-internal": ["skir-internal@0.1.1", "", { "dependencies": { "zod": "^4.2.1" }, "bin": { "skir-internal": "dist/compiler.js" } }, "sha512-lE/ZlQMfmGAZ3gb1gkdCv/PRZOrJmndp0tBWYcQb6Vr+qNjpPhIqw1a5iJ88muFw1AVUAGx97NIP3FI17vqi8A=="],

    "skir-typescript-gen/skir-internal": ["skir-internal@0.1.1", "", { "dependencies": { "zod": "^4.2.1" }, "bin": { "skir-internal": "dist/compiler.js" } }, "sha512-lE/ZlQMfmGAZ3gb1gkdCv/PRZOrJmndp0tBWYcQb6Vr+qNjpPhIqw1a5iJ88muFw1AVUAGx97NIP3FI17vqi8A=="],

    "skir/skir-dart-gen/skir-internal": ["skir-internal@0.1.1", "", { "dependencies": { "zod": "^4.2.1" }, "bin": { "skir-internal": "dist/compiler.js" } }, "sha512-lE/ZlQMfmGAZ3gb1gkdCv/PRZOrJmndp0tBWYcQb6Vr+qNjpPhIqw1a5iJ88muFw1AVUAGx97NIP3FI17vqi8A=="],
  }
}
